
Microsoft Visual Studio Solution File, Format Version 12.00
# Visual Studio Version 17
VisualStudioVersion = 17.5.33530.505
MinimumVisualStudioVersion = 10.0.40219.1
Project("{9A19103F-16F7-4668-BE54-9A1E7A4F7556}") = "HomeworkSessionOne", "HomeworkSessionOne\HomeworkSessionOne.csproj", "{C76D1FE9-0563-4374-9639-56495857B163}"
EndProject
Project("{9A19103F-16F7-4668-BE54-9A1E7A4F7556}") = "HomeWorkSessionTwo", "HomeWorkSessionTwo\HomeWorkSessionTwo.csproj", "{13FBF9BD-7664-46B1-9BDC-40E413DC7ADA}"
EndProject
Project("{9A19103F-16F7-4668-BE54-9A1E7A4F7556}") = "HomeWorkSessionThree", "HomeWorkSessionThree\HomeWorkSessionThree.csproj", "{794CA32A-F5E6-4E15-A1D0-46B18255AE23}"
EndProject
Project("{9A19103F-16F7-4668-BE54-9A1E7A4F7556}") = "HomeWorkSessionFour", "HomeWorkSessionFour\HomeWorkSessionFour.csproj", "{529C1C77-B407-4795-91D4-6A6687FC5216}"
EndProject
Project("{9A19103F-16F7-4668-BE54-9A1E7A4F7556}") = "HomeWorkSessionSix", "HomeWorkSessionSix\HomeWorkSessionSix.csproj", "{3BAFCC20-4A22-47DD-910B-193FBAEE5E61}"
EndProject
Project("{2150E333-8FDC-42A3-9474-1A3956D46DE8}") = "tests", "tests", "{460F0E22-7239-428B-9AD5-AF35D4735627}"
EndProject
Project("{9A19103F-16F7-4668-BE54-9A1E7A4F7556}") = "HomeWorkSessionSix.NunitTests", "tests\HomeWorkSessionSix.NunitTests\HomeWorkSessionSix.NunitTests.csproj", "{97B5DE4E-2665-4027-BFEB-C10B0A3261DE}"
EndProject
Project("{9A19103F-16F7-4668-BE54-9A1E7A4F7556}") = "HomeWorkDotNetBasic1", "HomeWorkDotNetBasic1\HomeWorkDotNetBasic1.csproj", "{95379D07-A974-447A-9B4E-7CBD721B5239}"
EndProject
Project("{9A19103F-16F7-4668-BE54-9A1E7A4F7556}") = "WebApplication1", "HomeWorkDotNetBasic2\Basic_DotNet_part2\WebApplication1.csproj", "{F032DB68-B583-4B17-8FAE-6F2F0E22BD2B}"
EndProject
Project("{9A19103F-16F7-4668-BE54-9A1E7A4F7556}") = "TestWebApiApplication", "HomeWorkDotNetBasic2\TestWebApiApplication\TestWebApiApplication.csproj", "{20969898-4045-4F49-A582-D5F10EA4BD4A}"
EndProject
Project("{FAE04EC0-301F-11D3-BF4B-00C04F79EFBC}") = "HomeworkDotNetBasicThree", "HomeWorkDotNetBasic3\HomeworkDotNetBasicThree\HomeworkDotNetBasicThree.csproj", "{298D1E2A-003A-46DD-BC72-34AB3E501CF6}"
EndProject
Global
	GlobalSection(SolutionConfigurationPlatforms) = preSolution
		Debug|Any CPU = Debug|Any CPU
		Release|Any CPU = Release|Any CPU
	EndGlobalSection
	GlobalSection(ProjectConfigurationPlatforms) = postSolution
		{C76D1FE9-0563-4374-9639-56495857B163}.Debug|Any CPU.ActiveCfg = Debug|Any CPU
		{C76D1FE9-0563-4374-9639-56495857B163}.Debug|Any CPU.Build.0 = Debug|Any CPU
		{C76D1FE9-0563-4374-9639-56495857B163}.Release|Any CPU.ActiveCfg = Release|Any CPU
		{C76D1FE9-0563-4374-9639-56495857B163}.Release|Any CPU.Build.0 = Release|Any CPU
		{13FBF9BD-7664-46B1-9BDC-40E413DC7ADA}.Debug|Any CPU.ActiveCfg = Debug|Any CPU
		{13FBF9BD-7664-46B1-9BDC-40E413DC7ADA}.Debug|Any CPU.Build.0 = Debug|Any CPU
		{13FBF9BD-7664-46B1-9BDC-40E413DC7ADA}.Release|Any CPU.ActiveCfg = Release|Any CPU
		{13FBF9BD-7664-46B1-9BDC-40E413DC7ADA}.Release|Any CPU.Build.0 = Release|Any CPU
		{794CA32A-F5E6-4E15-A1D0-46B18255AE23}.Debug|Any CPU.ActiveCfg = Debug|Any CPU
		{794CA32A-F5E6-4E15-A1D0-46B18255AE23}.Debug|Any CPU.Build.0 = Debug|Any CPU
		{794CA32A-F5E6-4E15-A1D0-46B18255AE23}.Release|Any CPU.ActiveCfg = Release|Any CPU
		{794CA32A-F5E6-4E15-A1D0-46B18255AE23}.Release|Any CPU.Build.0 = Release|Any CPU
		{529C1C77-B407-4795-91D4-6A6687FC5216}.Debug|Any CPU.ActiveCfg = Debug|Any CPU
		{529C1C77-B407-4795-91D4-6A6687FC5216}.Debug|Any CPU.Build.0 = Debug|Any CPU
		{529C1C77-B407-4795-91D4-6A6687FC5216}.Release|Any CPU.ActiveCfg = Release|Any CPU
		{529C1C77-B407-4795-91D4-6A6687FC5216}.Release|Any CPU.Build.0 = Release|Any CPU
		{3BAFCC20-4A22-47DD-910B-193FBAEE5E61}.Debug|Any CPU.ActiveCfg = Debug|Any CPU
		{3BAFCC20-4A22-47DD-910B-193FBAEE5E61}.Debug|Any CPU.Build.0 = Debug|Any CPU
		{3BAFCC20-4A22-47DD-910B-193FBAEE5E61}.Release|Any CPU.ActiveCfg = Release|Any CPU
		{3BAFCC20-4A22-47DD-910B-193FBAEE5E61}.Release|Any CPU.Build.0 = Release|Any CPU
		{97B5DE4E-2665-4027-BFEB-C10B0A3261DE}.Debug|Any CPU.ActiveCfg = Debug|Any CPU
		{97B5DE4E-2665-4027-BFEB-C10B0A3261DE}.Debug|Any CPU.Build.0 = Debug|Any CPU
		{97B5DE4E-2665-4027-BFEB-C10B0A3261DE}.Release|Any CPU.ActiveCfg = Release|Any CPU
		{97B5DE4E-2665-4027-BFEB-C10B0A3261DE}.Release|Any CPU.Build.0 = Release|Any CPU
		{95379D07-A974-447A-9B4E-7CBD721B5239}.Debug|Any CPU.ActiveCfg = Debug|Any CPU
		{95379D07-A974-447A-9B4E-7CBD721B5239}.Debug|Any CPU.Build.0 = Debug|Any CPU
		{95379D07-A974-447A-9B4E-7CBD721B5239}.Release|Any CPU.ActiveCfg = Release|Any CPU
		{95379D07-A974-447A-9B4E-7CBD721B5239}.Release|Any CPU.Build.0 = Release|Any CPU
		{F032DB68-B583-4B17-8FAE-6F2F0E22BD2B}.Debug|Any CPU.ActiveCfg = Debug|Any CPU
		{F032DB68-B583-4B17-8FAE-6F2F0E22BD2B}.Debug|Any CPU.Build.0 = Debug|Any CPU
		{F032DB68-B583-4B17-8FAE-6F2F0E22BD2B}.Release|Any CPU.ActiveCfg = Release|Any CPU
		{F032DB68-B583-4B17-8FAE-6F2F0E22BD2B}.Release|Any CPU.Build.0 = Release|Any CPU
		{20969898-4045-4F49-A582-D5F10EA4BD4A}.Debug|Any CPU.ActiveCfg = Debug|Any CPU
		{20969898-4045-4F49-A582-D5F10EA4BD4A}.Debug|Any CPU.Build.0 = Debug|Any CPU
		{20969898-4045-4F49-A582-D5F10EA4BD4A}.Release|Any CPU.ActiveCfg = Release|Any CPU
		{20969898-4045-4F49-A582-D5F10EA4BD4A}.Release|Any CPU.Build.0 = Release|Any CPU
		{298D1E2A-003A-46DD-BC72-34AB3E501CF6}.Debug|Any CPU.ActiveCfg = Debug|Any CPU
		{298D1E2A-003A-46DD-BC72-34AB3E501CF6}.Debug|Any CPU.Build.0 = Debug|Any CPU
		{298D1E2A-003A-46DD-BC72-34AB3E501CF6}.Release|Any CPU.ActiveCfg = Release|Any CPU
		{298D1E2A-003A-46DD-BC72-34AB3E501CF6}.Release|Any CPU.Build.0 = Release|Any CPU
	EndGlobalSection
	GlobalSection(SolutionProperties) = preSolution
		HideSolutionNode = FALSE
	EndGlobalSection
	GlobalSection(NestedProjects) = preSolution
		{97B5DE4E-2665-4027-BFEB-C10B0A3261DE} = {460F0E22-7239-428B-9AD5-AF35D4735627}
	EndGlobalSection
	GlobalSection(ExtensibilityGlobals) = postSolution
		SolutionGuid = {C967C216-47A3-4FC4-AC2C-749F68031F78}
	EndGlobalSection
EndGlobal
